
Microsoft Visual Studio Solution File, Format Version 12.00
# Visual Studio Version 17
VisualStudioVersion = 17.1.32210.238
MinimumVisualStudioVersion = 10.0.40219.1
Project("{FAE04EC0-301F-11D3-BF4B-00C04F79EFBC}") = "LeetCode", "LeetCode\LeetCode.csproj", "{9AFE5ED7-7E01-464E-8D75-D41C428B827E}"
EndProject
Project("{FAE04EC0-301F-11D3-BF4B-00C04F79EFBC}") = "LeetCode.Test", "LeetCode.Test\LeetCode.Test.csproj", "{23060A21-3232-4EEE-BEBC-F8E6D9E4F1FC}"
EndProject
Global
	GlobalSection(SolutionConfigurationPlatforms) = preSolution
		Debug|Any CPU = Debug|Any CPU
		Release|Any CPU = Release|Any CPU
	EndGlobalSection
	GlobalSection(ProjectConfigurationPlatforms) = postSolution
		{9AFE5ED7-7E01-464E-8D75-D41C428B827E}.Debug|Any CPU.ActiveCfg = Debug|Any CPU
		{9AFE5ED7-7E01-464E-8D75-D41C428B827E}.Debug|Any CPU.Build.0 = Debug|Any CPU
		{9AFE5ED7-7E01-464E-8D75-D41C428B827E}.Release|Any CPU.ActiveCfg = Release|Any CPU
		{9AFE5ED7-7E01-464E-8D75-D41C428B827E}.Release|Any CPU.Build.0 = Release|Any CPU
		{23060A21-3232-4EEE-BEBC-F8E6D9E4F1FC}.Debug|Any CPU.ActiveCfg = Debug|Any CPU
		{23060A21-3232-4EEE-BEBC-F8E6D9E4F1FC}.Debug|Any CPU.Build.0 = Debug|Any CPU
		{23060A21-3232-4EEE-BEBC-F8E6D9E4F1FC}.Release|Any CPU.ActiveCfg = Release|Any CPU
		{23060A21-3232-4EEE-BEBC-F8E6D9E4F1FC}.Release|Any CPU.Build.0 = Release|Any CPU
	EndGlobalSection
	GlobalSection(SolutionProperties) = preSolution
		HideSolutionNode = FALSE
	EndGlobalSection
	GlobalSection(ExtensibilityGlobals) = postSolution
		SolutionGuid = {35D11FB8-0C52-49BF-81C3-0AFB41FAF06F}
	EndGlobalSection
EndGlobal
